
Microsoft Visual Studio Solution File, Format Version 12.00
# Visual Studio Version 16
VisualStudioVersion = 16.0.30621.155
MinimumVisualStudioVersion = 10.0.40219.1
Project("{2150E333-8FDC-42A3-9474-1A3956D46DE8}") = "Softuni", "Softuni", "{70A42AD2-08F8-4BA4-8021-E9A93C00EE3F}"
EndProject
Project("{2150E333-8FDC-42A3-9474-1A3956D46DE8}") = "Telerik", "Telerik", "{905C689D-0E93-4207-B066-44E8E62783CB}"
EndProject
Project("{2150E333-8FDC-42A3-9474-1A3956D46DE8}") = "Personal", "Personal", "{A2673F6A-F8AF-45EB-A4DA-8A5A527B546A}"
EndProject
Project("{9A19103F-16F7-4668-BE54-9A1E7A4F7556}") = "Telerik.DemoFuncActionPredicate", "Telerik\Telerik.DemoFuncActionPredicate\Telerik.DemoFuncActionPredicate.csproj", "{EDB39734-3882-439E-9BB7-E9DA7DB7A4C5}"
EndProject
Project("{9A19103F-16F7-4668-BE54-9A1E7A4F7556}") = "Personal.OOP.DemoEncapsulation", "Personal\OOP\Personal.OOP.DemoEncapsulation\Personal.OOP.DemoEncapsulation.csproj", "{1F83462A-FF28-4439-93F5-36AC27089EFD}"
EndProject
Project("{2150E333-8FDC-42A3-9474-1A3956D46DE8}") = "OOP", "OOP", "{7BB27F97-D4EA-46F8-8E5E-A324A93E2492}"
EndProject
Project("{9A19103F-16F7-4668-BE54-9A1E7A4F7556}") = "Personal.OOP.DemoEncapsulationLib1", "Personal\OOP\Personal.OOP.DemoEncapsulationLib1\Personal.OOP.DemoEncapsulationLib1.csproj", "{B870DC50-8660-42BA-B2D9-F176DA92B453}"
EndProject
Project("{9A19103F-16F7-4668-BE54-9A1E7A4F7556}") = "Personal.OOP.DemoStaticConstructor", "Personal\OOP\Personal.OOP.DemoStaticConstructor\Personal.OOP.DemoStaticConstructor.csproj", "{3ED0140A-EC51-4960-8028-5DA233B3748A}"
EndProject
Project("{9A19103F-16F7-4668-BE54-9A1E7A4F7556}") = "Personal.OOP.DemoAbstractVirtual", "Personal\OOP\Personal.OOP.DemoAbstractVirtual\Personal.OOP.DemoAbstractVirtual.csproj", "{9C60DE25-5355-45FC-82B6-CDB22AED0728}"
EndProject
Project("{9A19103F-16F7-4668-BE54-9A1E7A4F7556}") = "Telerik.DemoInterfacesExplicitImplicit", "Telerik.DemoInterfacesExplicitImplicit\Telerik.DemoInterfacesExplicitImplicit.csproj", "{5B1A33E1-F84A-4D19-B7D0-9483AF6F5510}"
EndProject
Project("{2150E333-8FDC-42A3-9474-1A3956D46DE8}") = "CSharp9", "CSharp9", "{8D8CB69F-769F-41AE-B4F8-EA49AC7FB03B}"
EndProject
Project("{9A19103F-16F7-4668-BE54-9A1E7A4F7556}") = "Personal.CSharp9.Demo", "Personal\CSharp9\Personal.CSharp9.Demo\Personal.CSharp9.Demo.csproj", "{A5748F12-6580-465F-AEB7-8804E7539987}"
EndProject
Project("{2150E333-8FDC-42A3-9474-1A3956D46DE8}") = "General", "General", "{6AB56D09-123E-4FAF-AF76-58E83423D85E}"
EndProject
Project("{FAE04EC0-301F-11D3-BF4B-00C04F79EFBC}") = "Personal.General.AsyncAwait", "Personal.General.AsyncAwait\Personal.General.AsyncAwait.csproj", "{D0D4D1F4-CBE8-4D93-974E-CC20F199F28D}"
EndProject
Project("{FAE04EC0-301F-11D3-BF4B-00C04F79EFBC}") = "Personal.General.ThreadNew", "Personal.General.ThreadNew\Personal.General.ThreadNew.csproj", "{11B176A5-9816-4C06-AC0F-3E7A9B29AD3D}"
EndProject
Project("{FAE04EC0-301F-11D3-BF4B-00C04F79EFBC}") = "Personal.General.WpfDemo", "Personal.General.WpfDemo\Personal.General.WpfDemo.csproj", "{B3BB06ED-0573-4C76-BB29-4478766C963F}"
EndProject
Global
	GlobalSection(SolutionConfigurationPlatforms) = preSolution
		Debug|Any CPU = Debug|Any CPU
		Release|Any CPU = Release|Any CPU
	EndGlobalSection
	GlobalSection(ProjectConfigurationPlatforms) = postSolution
		{EDB39734-3882-439E-9BB7-E9DA7DB7A4C5}.Debug|Any CPU.ActiveCfg = Debug|Any CPU
		{EDB39734-3882-439E-9BB7-E9DA7DB7A4C5}.Debug|Any CPU.Build.0 = Debug|Any CPU
		{EDB39734-3882-439E-9BB7-E9DA7DB7A4C5}.Release|Any CPU.ActiveCfg = Release|Any CPU
		{EDB39734-3882-439E-9BB7-E9DA7DB7A4C5}.Release|Any CPU.Build.0 = Release|Any CPU
		{1F83462A-FF28-4439-93F5-36AC27089EFD}.Debug|Any CPU.ActiveCfg = Debug|Any CPU
		{1F83462A-FF28-4439-93F5-36AC27089EFD}.Debug|Any CPU.Build.0 = Debug|Any CPU
		{1F83462A-FF28-4439-93F5-36AC27089EFD}.Release|Any CPU.ActiveCfg = Release|Any CPU
		{1F83462A-FF28-4439-93F5-36AC27089EFD}.Release|Any CPU.Build.0 = Release|Any CPU
		{B870DC50-8660-42BA-B2D9-F176DA92B453}.Debug|Any CPU.ActiveCfg = Debug|Any CPU
		{B870DC50-8660-42BA-B2D9-F176DA92B453}.Debug|Any CPU.Build.0 = Debug|Any CPU
		{B870DC50-8660-42BA-B2D9-F176DA92B453}.Release|Any CPU.ActiveCfg = Release|Any CPU
		{B870DC50-8660-42BA-B2D9-F176DA92B453}.Release|Any CPU.Build.0 = Release|Any CPU
		{3ED0140A-EC51-4960-8028-5DA233B3748A}.Debug|Any CPU.ActiveCfg = Debug|Any CPU
		{3ED0140A-EC51-4960-8028-5DA233B3748A}.Debug|Any CPU.Build.0 = Debug|Any CPU
		{3ED0140A-EC51-4960-8028-5DA233B3748A}.Release|Any CPU.ActiveCfg = Release|Any CPU
		{3ED0140A-EC51-4960-8028-5DA233B3748A}.Release|Any CPU.Build.0 = Release|Any CPU
		{9C60DE25-5355-45FC-82B6-CDB22AED0728}.Debug|Any CPU.ActiveCfg = Debug|Any CPU
		{9C60DE25-5355-45FC-82B6-CDB22AED0728}.Debug|Any CPU.Build.0 = Debug|Any CPU
		{9C60DE25-5355-45FC-82B6-CDB22AED0728}.Release|Any CPU.ActiveCfg = Release|Any CPU
		{9C60DE25-5355-45FC-82B6-CDB22AED0728}.Release|Any CPU.Build.0 = Release|Any CPU
		{5B1A33E1-F84A-4D19-B7D0-9483AF6F5510}.Debug|Any CPU.ActiveCfg = Debug|Any CPU
		{5B1A33E1-F84A-4D19-B7D0-9483AF6F5510}.Debug|Any CPU.Build.0 = Debug|Any CPU
		{5B1A33E1-F84A-4D19-B7D0-9483AF6F5510}.Release|Any CPU.ActiveCfg = Release|Any CPU
		{5B1A33E1-F84A-4D19-B7D0-9483AF6F5510}.Release|Any CPU.Build.0 = Release|Any CPU
		{A5748F12-6580-465F-AEB7-8804E7539987}.Debug|Any CPU.ActiveCfg = Debug|Any CPU
		{A5748F12-6580-465F-AEB7-8804E7539987}.Debug|Any CPU.Build.0 = Debug|Any CPU
		{A5748F12-6580-465F-AEB7-8804E7539987}.Release|Any CPU.ActiveCfg = Release|Any CPU
		{A5748F12-6580-465F-AEB7-8804E7539987}.Release|Any CPU.Build.0 = Release|Any CPU
		{D0D4D1F4-CBE8-4D93-974E-CC20F199F28D}.Debug|Any CPU.ActiveCfg = Debug|Any CPU
		{D0D4D1F4-CBE8-4D93-974E-CC20F199F28D}.Debug|Any CPU.Build.0 = Debug|Any CPU
		{D0D4D1F4-CBE8-4D93-974E-CC20F199F28D}.Release|Any CPU.ActiveCfg = Release|Any CPU
		{D0D4D1F4-CBE8-4D93-974E-CC20F199F28D}.Release|Any CPU.Build.0 = Release|Any CPU
		{11B176A5-9816-4C06-AC0F-3E7A9B29AD3D}.Debug|Any CPU.ActiveCfg = Debug|Any CPU
		{11B176A5-9816-4C06-AC0F-3E7A9B29AD3D}.Debug|Any CPU.Build.0 = Debug|Any CPU
		{11B176A5-9816-4C06-AC0F-3E7A9B29AD3D}.Release|Any CPU.ActiveCfg = Release|Any CPU
		{11B176A5-9816-4C06-AC0F-3E7A9B29AD3D}.Release|Any CPU.Build.0 = Release|Any CPU
		{B3BB06ED-0573-4C76-BB29-4478766C963F}.Debug|Any CPU.ActiveCfg = Debug|Any CPU
		{B3BB06ED-0573-4C76-BB29-4478766C963F}.Debug|Any CPU.Build.0 = Debug|Any CPU
		{B3BB06ED-0573-4C76-BB29-4478766C963F}.Release|Any CPU.ActiveCfg = Release|Any CPU
		{B3BB06ED-0573-4C76-BB29-4478766C963F}.Release|Any CPU.Build.0 = Release|Any CPU
	EndGlobalSection
	GlobalSection(SolutionProperties) = preSolution
		HideSolutionNode = FALSE
	EndGlobalSection
	GlobalSection(NestedProjects) = preSolution
		{EDB39734-3882-439E-9BB7-E9DA7DB7A4C5} = {905C689D-0E93-4207-B066-44E8E62783CB}
		{1F83462A-FF28-4439-93F5-36AC27089EFD} = {7BB27F97-D4EA-46F8-8E5E-A324A93E2492}
		{7BB27F97-D4EA-46F8-8E5E-A324A93E2492} = {A2673F6A-F8AF-45EB-A4DA-8A5A527B546A}
		{B870DC50-8660-42BA-B2D9-F176DA92B453} = {7BB27F97-D4EA-46F8-8E5E-A324A93E2492}
		{3ED0140A-EC51-4960-8028-5DA233B3748A} = {7BB27F97-D4EA-46F8-8E5E-A324A93E2492}
		{9C60DE25-5355-45FC-82B6-CDB22AED0728} = {7BB27F97-D4EA-46F8-8E5E-A324A93E2492}
		{5B1A33E1-F84A-4D19-B7D0-9483AF6F5510} = {905C689D-0E93-4207-B066-44E8E62783CB}
		{8D8CB69F-769F-41AE-B4F8-EA49AC7FB03B} = {A2673F6A-F8AF-45EB-A4DA-8A5A527B546A}
		{A5748F12-6580-465F-AEB7-8804E7539987} = {8D8CB69F-769F-41AE-B4F8-EA49AC7FB03B}
		{6AB56D09-123E-4FAF-AF76-58E83423D85E} = {A2673F6A-F8AF-45EB-A4DA-8A5A527B546A}
		{D0D4D1F4-CBE8-4D93-974E-CC20F199F28D} = {6AB56D09-123E-4FAF-AF76-58E83423D85E}
		{11B176A5-9816-4C06-AC0F-3E7A9B29AD3D} = {6AB56D09-123E-4FAF-AF76-58E83423D85E}
		{B3BB06ED-0573-4C76-BB29-4478766C963F} = {6AB56D09-123E-4FAF-AF76-58E83423D85E}
	EndGlobalSection
	GlobalSection(ExtensibilityGlobals) = postSolution
		SolutionGuid = {5BA7246A-7994-41F2-ABFA-7387E160ECF7}
	EndGlobalSection
EndGlobal
