
Microsoft Visual Studio Solution File, Format Version 12.00
# Visual Studio Version 16
VisualStudioVersion = 16.0.30621.155
MinimumVisualStudioVersion = 10.0.40219.1
Project("{2150E333-8FDC-42A3-9474-1A3956D46DE8}") = "Softuni", "Softuni", "{70A42AD2-08F8-4BA4-8021-E9A93C00EE3F}"
EndProject
Project("{2150E333-8FDC-42A3-9474-1A3956D46DE8}") = "Telerik", "Telerik", "{905C689D-0E93-4207-B066-44E8E62783CB}"
EndProject
Project("{2150E333-8FDC-42A3-9474-1A3956D46DE8}") = "Personal", "Personal", "{A2673F6A-F8AF-45EB-A4DA-8A5A527B546A}"
EndProject
Project("{9A19103F-16F7-4668-BE54-9A1E7A4F7556}") = "Telerik.DemoFuncActionPredicate", "Telerik\Telerik.DemoFuncActionPredicate\Telerik.DemoFuncActionPredicate.csproj", "{EDB39734-3882-439E-9BB7-E9DA7DB7A4C5}"
EndProject
Project("{9A19103F-16F7-4668-BE54-9A1E7A4F7556}") = "Personal.OOP.DemoEncapsulation", "Personal\OOP\Personal.OOP.DemoEncapsulation\Personal.OOP.DemoEncapsulation.csproj", "{1F83462A-FF28-4439-93F5-36AC27089EFD}"
EndProject
Project("{2150E333-8FDC-42A3-9474-1A3956D46DE8}") = "OOP", "OOP", "{7BB27F97-D4EA-46F8-8E5E-A324A93E2492}"
EndProject
Project("{9A19103F-16F7-4668-BE54-9A1E7A4F7556}") = "Personal.OOP.DemoEncapsulationLib1", "Personal\OOP\Personal.OOP.DemoEncapsulationLib1\Personal.OOP.DemoEncapsulationLib1.csproj", "{B870DC50-8660-42BA-B2D9-F176DA92B453}"
EndProject
Project("{9A19103F-16F7-4668-BE54-9A1E7A4F7556}") = "Personal.OOP.DemoStaticConstructor", "Personal\OOP\Personal.OOP.DemoStaticConstructor\Personal.OOP.DemoStaticConstructor.csproj", "{3ED0140A-EC51-4960-8028-5DA233B3748A}"
EndProject
Project("{9A19103F-16F7-4668-BE54-9A1E7A4F7556}") = "Personal.OOP.DemoAbstractVirtual", "Personal\OOP\Personal.OOP.DemoAbstractVirtual\Personal.OOP.DemoAbstractVirtual.csproj", "{9C60DE25-5355-45FC-82B6-CDB22AED0728}"
EndProject
Project("{2150E333-8FDC-42A3-9474-1A3956D46DE8}") = "CSharp9", "CSharp9", "{8D8CB69F-769F-41AE-B4F8-EA49AC7FB03B}"
EndProject
Project("{2150E333-8FDC-42A3-9474-1A3956D46DE8}") = "AsyncThreadRun", "AsyncThreadRun", "{6AB56D09-123E-4FAF-AF76-58E83423D85E}"
EndProject
Project("{9A19103F-16F7-4668-BE54-9A1E7A4F7556}") = "Personal.AsyncThreadRun.AsyncAwait", "Personal\AsyncThreadRun\Personal.AsyncThreadRun.AsyncAwait\Personal.AsyncThreadRun.AsyncAwait.csproj", "{6C837A96-90BC-4619-BFF4-B2E6C75E57DB}"
EndProject
Project("{9A19103F-16F7-4668-BE54-9A1E7A4F7556}") = "Personal.AsyncThreadRun.TaskRun", "Personal\AsyncThreadRun\Personal.AsyncThreadRun.TaskRun\Personal.AsyncThreadRun.TaskRun.csproj", "{8D0C87AA-AE7E-4B02-93B9-8B5EB26D8F1D}"
EndProject
Project("{9A19103F-16F7-4668-BE54-9A1E7A4F7556}") = "Personal.AsyncThreadRun.ThreadNew", "Personal\AsyncThreadRun\Personal.AsyncThreadRun.ThreadNew\Personal.AsyncThreadRun.ThreadNew.csproj", "{EA519BBA-9B19-4A18-9337-5DDF46973EF7}"
EndProject
Project("{9A19103F-16F7-4668-BE54-9A1E7A4F7556}") = "Personal.AsyncThreadRun.ThreadsDeadlock", "Personal\AsyncThreadRun\Personal.AsyncThreadRun.ThreadsDeadlock\Personal.AsyncThreadRun.ThreadsDeadlock.csproj", "{4825D4A0-1915-4D4A-9181-D3C508B897A5}"
EndProject
Project("{9A19103F-16F7-4668-BE54-9A1E7A4F7556}") = "Personal.AsyncThreadRun.ThreadsShareResLock", "Personal\AsyncThreadRun\Personal.AsyncThreadRun.ThreadsShareResLock\Personal.AsyncThreadRun.ThreadsShareResLock.csproj", "{CB881CB5-9B8E-44F7-8283-EF44A9A0B38C}"
EndProject
Project("{9A19103F-16F7-4668-BE54-9A1E7A4F7556}") = "Personal.AsyncThreadRun.WpfDemo", "Personal\AsyncThreadRun\Personal.AsyncThreadRun.WpfDemo\Personal.AsyncThreadRun.WpfDemo.csproj", "{35344CFA-34D2-475D-BDD0-422F3572C025}"
EndProject
Project("{9A19103F-16F7-4668-BE54-9A1E7A4F7556}") = "Personal.CSharp9.TopLevelStatements", "Personal\CSharp9\Personal.CSharp9.TopLevelStatements\Personal.CSharp9.TopLevelStatements.csproj", "{85FA51F0-1F3D-4A8E-B277-E67FA2D6C691}"
EndProject
Project("{9A19103F-16F7-4668-BE54-9A1E7A4F7556}") = "Telerik.DemoInterfacesExplicitImplicit", "Telerik\Telerik.DemoInterfacesExplicitImplicit\Telerik.DemoInterfacesExplicitImplicit.csproj", "{F1EF80C7-0C1E-4552-89DB-F3B38533341E}"
EndProject
Project("{9A19103F-16F7-4668-BE54-9A1E7A4F7556}") = "Personal.CSharp9.Records", "Personal\CSharp9\Personal.CSharp9.Records\Personal.CSharp9.Records.csproj", "{0CB2978D-F672-424A-B849-C6A67B6F3126}"
EndProject
Project("{9A19103F-16F7-4668-BE54-9A1E7A4F7556}") = "Personal.CSharp9.InitOnlySetters", "Personal\CSharp9\Personal.CSharp9.InitOnlySetters\Personal.CSharp9.InitOnlySetters.csproj", "{F04EB430-ABEC-45DC-B79B-06E046A3B8B0}"
EndProject
Project("{2150E333-8FDC-42A3-9474-1A3956D46DE8}") = "Dapper", "Dapper", "{CABFEB44-EED0-4D21-A66F-F2D8F179FA79}"
EndProject
Project("{2150E333-8FDC-42A3-9474-1A3956D46DE8}") = "Console", "Console", "{FA8E5CAA-8ED9-4E6B-ABA3-A52DFE6FB015}"
EndProject
Project("{9A19103F-16F7-4668-BE54-9A1E7A4F7556}") = "CarDemo.Console", "Personal\Dapper\CarDemo.Console\CarDemo.Console.csproj", "{B7027508-972F-405E-9CC6-21DB02AC18AC}"
EndProject
Project("{2150E333-8FDC-42A3-9474-1A3956D46DE8}") = "Data", "Data", "{35AAAC30-1CC5-49F2-B863-06AF321AB540}"
EndProject
Project("{9A19103F-16F7-4668-BE54-9A1E7A4F7556}") = "CarDemo.Data", "Personal\Dapper\CarDemo.Data\CarDemo.Data.csproj", "{D8094EF9-66FF-48ED-9DDC-4345555EC6D5}"
EndProject
Project("{9A19103F-16F7-4668-BE54-9A1E7A4F7556}") = "CarDemo.Data.Models", "Personal\Dapper\CarDemo.Data.Models\CarDemo.Data.Models.csproj", "{D3C9C831-7769-4E0E-B43F-E7F586C03F57}"
EndProject
Project("{2150E333-8FDC-42A3-9474-1A3956D46DE8}") = "Services", "Services", "{8F4B0B72-5884-4AAE-9384-1BD377D5EB7F}"
EndProject
Project("{9A19103F-16F7-4668-BE54-9A1E7A4F7556}") = "CarDemo.Services", "Personal\Dapper\CarDemo.Services\CarDemo.Services.csproj", "{48CE6290-C823-4098-AA00-C1570912A87F}"
EndProject
Project("{9A19103F-16F7-4668-BE54-9A1E7A4F7556}") = "CarDemo.Services.Models", "Personal\Dapper\CarDemo.Services.Models\CarDemo.Services.Models.csproj", "{082F0819-4FD8-4BEF-A344-883904F64D65}"
EndProject
Project("{2150E333-8FDC-42A3-9474-1A3956D46DE8}") = "Web", "Web", "{7F0C0F8A-093E-43E5-96C3-4919E352F32E}"
EndProject
Project("{9A19103F-16F7-4668-BE54-9A1E7A4F7556}") = "CarDemo.Web", "Personal\Dapper\CarDemo.Web\CarDemo.Web.csproj", "{F2E78DEC-2A57-4E9A-9D12-4A75D89A5891}"
EndProject
Project("{9A19103F-16F7-4668-BE54-9A1E7A4F7556}") = "CarDemo.Services.Tests", "Personal\Dapper\CarDemo.Services.Tests\CarDemo.Services.Tests.csproj", "{58A04D1D-9777-43AE-A0B0-29A38F5E70BC}"
EndProject
Project("{2150E333-8FDC-42A3-9474-1A3956D46DE8}") = "General", "General", "{A01CC6B9-5C2E-4B23-BDF4-7C61A4E5F4CB}"
EndProject
Project("{FAE04EC0-301F-11D3-BF4B-00C04F79EFBC}") = "Personal.General.DemoSyntacticTricks", "Personal\General\Personal.General.DemoSyntacticTricks\Personal.General.DemoSyntacticTricks.csproj", "{A81E1FBB-AE21-4E29-9902-E48EE8CC356D}"
EndProject
Global
	GlobalSection(SolutionConfigurationPlatforms) = preSolution
		Debug|Any CPU = Debug|Any CPU
		Release|Any CPU = Release|Any CPU
	EndGlobalSection
	GlobalSection(ProjectConfigurationPlatforms) = postSolution
		{EDB39734-3882-439E-9BB7-E9DA7DB7A4C5}.Debug|Any CPU.ActiveCfg = Debug|Any CPU
		{EDB39734-3882-439E-9BB7-E9DA7DB7A4C5}.Debug|Any CPU.Build.0 = Debug|Any CPU
		{EDB39734-3882-439E-9BB7-E9DA7DB7A4C5}.Release|Any CPU.ActiveCfg = Release|Any CPU
		{EDB39734-3882-439E-9BB7-E9DA7DB7A4C5}.Release|Any CPU.Build.0 = Release|Any CPU
		{1F83462A-FF28-4439-93F5-36AC27089EFD}.Debug|Any CPU.ActiveCfg = Debug|Any CPU
		{1F83462A-FF28-4439-93F5-36AC27089EFD}.Debug|Any CPU.Build.0 = Debug|Any CPU
		{1F83462A-FF28-4439-93F5-36AC27089EFD}.Release|Any CPU.ActiveCfg = Release|Any CPU
		{1F83462A-FF28-4439-93F5-36AC27089EFD}.Release|Any CPU.Build.0 = Release|Any CPU
		{B870DC50-8660-42BA-B2D9-F176DA92B453}.Debug|Any CPU.ActiveCfg = Debug|Any CPU
		{B870DC50-8660-42BA-B2D9-F176DA92B453}.Debug|Any CPU.Build.0 = Debug|Any CPU
		{B870DC50-8660-42BA-B2D9-F176DA92B453}.Release|Any CPU.ActiveCfg = Release|Any CPU
		{B870DC50-8660-42BA-B2D9-F176DA92B453}.Release|Any CPU.Build.0 = Release|Any CPU
		{3ED0140A-EC51-4960-8028-5DA233B3748A}.Debug|Any CPU.ActiveCfg = Debug|Any CPU
		{3ED0140A-EC51-4960-8028-5DA233B3748A}.Debug|Any CPU.Build.0 = Debug|Any CPU
		{3ED0140A-EC51-4960-8028-5DA233B3748A}.Release|Any CPU.ActiveCfg = Release|Any CPU
		{3ED0140A-EC51-4960-8028-5DA233B3748A}.Release|Any CPU.Build.0 = Release|Any CPU
		{9C60DE25-5355-45FC-82B6-CDB22AED0728}.Debug|Any CPU.ActiveCfg = Debug|Any CPU
		{9C60DE25-5355-45FC-82B6-CDB22AED0728}.Debug|Any CPU.Build.0 = Debug|Any CPU
		{9C60DE25-5355-45FC-82B6-CDB22AED0728}.Release|Any CPU.ActiveCfg = Release|Any CPU
		{9C60DE25-5355-45FC-82B6-CDB22AED0728}.Release|Any CPU.Build.0 = Release|Any CPU
		{6C837A96-90BC-4619-BFF4-B2E6C75E57DB}.Debug|Any CPU.ActiveCfg = Debug|Any CPU
		{6C837A96-90BC-4619-BFF4-B2E6C75E57DB}.Debug|Any CPU.Build.0 = Debug|Any CPU
		{6C837A96-90BC-4619-BFF4-B2E6C75E57DB}.Release|Any CPU.ActiveCfg = Release|Any CPU
		{6C837A96-90BC-4619-BFF4-B2E6C75E57DB}.Release|Any CPU.Build.0 = Release|Any CPU
		{8D0C87AA-AE7E-4B02-93B9-8B5EB26D8F1D}.Debug|Any CPU.ActiveCfg = Debug|Any CPU
		{8D0C87AA-AE7E-4B02-93B9-8B5EB26D8F1D}.Debug|Any CPU.Build.0 = Debug|Any CPU
		{8D0C87AA-AE7E-4B02-93B9-8B5EB26D8F1D}.Release|Any CPU.ActiveCfg = Release|Any CPU
		{8D0C87AA-AE7E-4B02-93B9-8B5EB26D8F1D}.Release|Any CPU.Build.0 = Release|Any CPU
		{EA519BBA-9B19-4A18-9337-5DDF46973EF7}.Debug|Any CPU.ActiveCfg = Debug|Any CPU
		{EA519BBA-9B19-4A18-9337-5DDF46973EF7}.Debug|Any CPU.Build.0 = Debug|Any CPU
		{EA519BBA-9B19-4A18-9337-5DDF46973EF7}.Release|Any CPU.ActiveCfg = Release|Any CPU
		{EA519BBA-9B19-4A18-9337-5DDF46973EF7}.Release|Any CPU.Build.0 = Release|Any CPU
		{4825D4A0-1915-4D4A-9181-D3C508B897A5}.Debug|Any CPU.ActiveCfg = Debug|Any CPU
		{4825D4A0-1915-4D4A-9181-D3C508B897A5}.Debug|Any CPU.Build.0 = Debug|Any CPU
		{4825D4A0-1915-4D4A-9181-D3C508B897A5}.Release|Any CPU.ActiveCfg = Release|Any CPU
		{4825D4A0-1915-4D4A-9181-D3C508B897A5}.Release|Any CPU.Build.0 = Release|Any CPU
		{CB881CB5-9B8E-44F7-8283-EF44A9A0B38C}.Debug|Any CPU.ActiveCfg = Debug|Any CPU
		{CB881CB5-9B8E-44F7-8283-EF44A9A0B38C}.Debug|Any CPU.Build.0 = Debug|Any CPU
		{CB881CB5-9B8E-44F7-8283-EF44A9A0B38C}.Release|Any CPU.ActiveCfg = Release|Any CPU
		{CB881CB5-9B8E-44F7-8283-EF44A9A0B38C}.Release|Any CPU.Build.0 = Release|Any CPU
		{35344CFA-34D2-475D-BDD0-422F3572C025}.Debug|Any CPU.ActiveCfg = Debug|Any CPU
		{35344CFA-34D2-475D-BDD0-422F3572C025}.Debug|Any CPU.Build.0 = Debug|Any CPU
		{35344CFA-34D2-475D-BDD0-422F3572C025}.Release|Any CPU.ActiveCfg = Release|Any CPU
		{35344CFA-34D2-475D-BDD0-422F3572C025}.Release|Any CPU.Build.0 = Release|Any CPU
		{85FA51F0-1F3D-4A8E-B277-E67FA2D6C691}.Debug|Any CPU.ActiveCfg = Debug|Any CPU
		{85FA51F0-1F3D-4A8E-B277-E67FA2D6C691}.Debug|Any CPU.Build.0 = Debug|Any CPU
		{85FA51F0-1F3D-4A8E-B277-E67FA2D6C691}.Release|Any CPU.ActiveCfg = Release|Any CPU
		{85FA51F0-1F3D-4A8E-B277-E67FA2D6C691}.Release|Any CPU.Build.0 = Release|Any CPU
		{F1EF80C7-0C1E-4552-89DB-F3B38533341E}.Debug|Any CPU.ActiveCfg = Debug|Any CPU
		{F1EF80C7-0C1E-4552-89DB-F3B38533341E}.Debug|Any CPU.Build.0 = Debug|Any CPU
		{F1EF80C7-0C1E-4552-89DB-F3B38533341E}.Release|Any CPU.ActiveCfg = Release|Any CPU
		{F1EF80C7-0C1E-4552-89DB-F3B38533341E}.Release|Any CPU.Build.0 = Release|Any CPU
		{0CB2978D-F672-424A-B849-C6A67B6F3126}.Debug|Any CPU.ActiveCfg = Debug|Any CPU
		{0CB2978D-F672-424A-B849-C6A67B6F3126}.Debug|Any CPU.Build.0 = Debug|Any CPU
		{0CB2978D-F672-424A-B849-C6A67B6F3126}.Release|Any CPU.ActiveCfg = Release|Any CPU
		{0CB2978D-F672-424A-B849-C6A67B6F3126}.Release|Any CPU.Build.0 = Release|Any CPU
		{F04EB430-ABEC-45DC-B79B-06E046A3B8B0}.Debug|Any CPU.ActiveCfg = Debug|Any CPU
		{F04EB430-ABEC-45DC-B79B-06E046A3B8B0}.Debug|Any CPU.Build.0 = Debug|Any CPU
		{F04EB430-ABEC-45DC-B79B-06E046A3B8B0}.Release|Any CPU.ActiveCfg = Release|Any CPU
		{F04EB430-ABEC-45DC-B79B-06E046A3B8B0}.Release|Any CPU.Build.0 = Release|Any CPU
		{B7027508-972F-405E-9CC6-21DB02AC18AC}.Debug|Any CPU.ActiveCfg = Debug|Any CPU
		{B7027508-972F-405E-9CC6-21DB02AC18AC}.Debug|Any CPU.Build.0 = Debug|Any CPU
		{B7027508-972F-405E-9CC6-21DB02AC18AC}.Release|Any CPU.ActiveCfg = Release|Any CPU
		{B7027508-972F-405E-9CC6-21DB02AC18AC}.Release|Any CPU.Build.0 = Release|Any CPU
		{D8094EF9-66FF-48ED-9DDC-4345555EC6D5}.Debug|Any CPU.ActiveCfg = Debug|Any CPU
		{D8094EF9-66FF-48ED-9DDC-4345555EC6D5}.Debug|Any CPU.Build.0 = Debug|Any CPU
		{D8094EF9-66FF-48ED-9DDC-4345555EC6D5}.Release|Any CPU.ActiveCfg = Release|Any CPU
		{D8094EF9-66FF-48ED-9DDC-4345555EC6D5}.Release|Any CPU.Build.0 = Release|Any CPU
		{D3C9C831-7769-4E0E-B43F-E7F586C03F57}.Debug|Any CPU.ActiveCfg = Debug|Any CPU
		{D3C9C831-7769-4E0E-B43F-E7F586C03F57}.Debug|Any CPU.Build.0 = Debug|Any CPU
		{D3C9C831-7769-4E0E-B43F-E7F586C03F57}.Release|Any CPU.ActiveCfg = Release|Any CPU
		{D3C9C831-7769-4E0E-B43F-E7F586C03F57}.Release|Any CPU.Build.0 = Release|Any CPU
		{48CE6290-C823-4098-AA00-C1570912A87F}.Debug|Any CPU.ActiveCfg = Debug|Any CPU
		{48CE6290-C823-4098-AA00-C1570912A87F}.Debug|Any CPU.Build.0 = Debug|Any CPU
		{48CE6290-C823-4098-AA00-C1570912A87F}.Release|Any CPU.ActiveCfg = Release|Any CPU
		{48CE6290-C823-4098-AA00-C1570912A87F}.Release|Any CPU.Build.0 = Release|Any CPU
		{082F0819-4FD8-4BEF-A344-883904F64D65}.Debug|Any CPU.ActiveCfg = Debug|Any CPU
		{082F0819-4FD8-4BEF-A344-883904F64D65}.Debug|Any CPU.Build.0 = Debug|Any CPU
		{082F0819-4FD8-4BEF-A344-883904F64D65}.Release|Any CPU.ActiveCfg = Release|Any CPU
		{082F0819-4FD8-4BEF-A344-883904F64D65}.Release|Any CPU.Build.0 = Release|Any CPU
		{F2E78DEC-2A57-4E9A-9D12-4A75D89A5891}.Debug|Any CPU.ActiveCfg = Debug|Any CPU
		{F2E78DEC-2A57-4E9A-9D12-4A75D89A5891}.Debug|Any CPU.Build.0 = Debug|Any CPU
		{F2E78DEC-2A57-4E9A-9D12-4A75D89A5891}.Release|Any CPU.ActiveCfg = Release|Any CPU
		{F2E78DEC-2A57-4E9A-9D12-4A75D89A5891}.Release|Any CPU.Build.0 = Release|Any CPU
		{58A04D1D-9777-43AE-A0B0-29A38F5E70BC}.Debug|Any CPU.ActiveCfg = Debug|Any CPU
		{58A04D1D-9777-43AE-A0B0-29A38F5E70BC}.Debug|Any CPU.Build.0 = Debug|Any CPU
		{58A04D1D-9777-43AE-A0B0-29A38F5E70BC}.Release|Any CPU.ActiveCfg = Release|Any CPU
		{58A04D1D-9777-43AE-A0B0-29A38F5E70BC}.Release|Any CPU.Build.0 = Release|Any CPU
		{A81E1FBB-AE21-4E29-9902-E48EE8CC356D}.Debug|Any CPU.ActiveCfg = Debug|Any CPU
		{A81E1FBB-AE21-4E29-9902-E48EE8CC356D}.Debug|Any CPU.Build.0 = Debug|Any CPU
		{A81E1FBB-AE21-4E29-9902-E48EE8CC356D}.Release|Any CPU.ActiveCfg = Release|Any CPU
		{A81E1FBB-AE21-4E29-9902-E48EE8CC356D}.Release|Any CPU.Build.0 = Release|Any CPU
	EndGlobalSection
	GlobalSection(SolutionProperties) = preSolution
		HideSolutionNode = FALSE
	EndGlobalSection
	GlobalSection(NestedProjects) = preSolution
		{EDB39734-3882-439E-9BB7-E9DA7DB7A4C5} = {905C689D-0E93-4207-B066-44E8E62783CB}
		{1F83462A-FF28-4439-93F5-36AC27089EFD} = {7BB27F97-D4EA-46F8-8E5E-A324A93E2492}
		{7BB27F97-D4EA-46F8-8E5E-A324A93E2492} = {A2673F6A-F8AF-45EB-A4DA-8A5A527B546A}
		{B870DC50-8660-42BA-B2D9-F176DA92B453} = {7BB27F97-D4EA-46F8-8E5E-A324A93E2492}
		{3ED0140A-EC51-4960-8028-5DA233B3748A} = {7BB27F97-D4EA-46F8-8E5E-A324A93E2492}
		{9C60DE25-5355-45FC-82B6-CDB22AED0728} = {7BB27F97-D4EA-46F8-8E5E-A324A93E2492}
		{8D8CB69F-769F-41AE-B4F8-EA49AC7FB03B} = {A2673F6A-F8AF-45EB-A4DA-8A5A527B546A}
		{6AB56D09-123E-4FAF-AF76-58E83423D85E} = {A2673F6A-F8AF-45EB-A4DA-8A5A527B546A}
		{6C837A96-90BC-4619-BFF4-B2E6C75E57DB} = {6AB56D09-123E-4FAF-AF76-58E83423D85E}
		{8D0C87AA-AE7E-4B02-93B9-8B5EB26D8F1D} = {6AB56D09-123E-4FAF-AF76-58E83423D85E}
		{EA519BBA-9B19-4A18-9337-5DDF46973EF7} = {6AB56D09-123E-4FAF-AF76-58E83423D85E}
		{4825D4A0-1915-4D4A-9181-D3C508B897A5} = {6AB56D09-123E-4FAF-AF76-58E83423D85E}
		{CB881CB5-9B8E-44F7-8283-EF44A9A0B38C} = {6AB56D09-123E-4FAF-AF76-58E83423D85E}
		{35344CFA-34D2-475D-BDD0-422F3572C025} = {6AB56D09-123E-4FAF-AF76-58E83423D85E}
		{85FA51F0-1F3D-4A8E-B277-E67FA2D6C691} = {8D8CB69F-769F-41AE-B4F8-EA49AC7FB03B}
		{F1EF80C7-0C1E-4552-89DB-F3B38533341E} = {905C689D-0E93-4207-B066-44E8E62783CB}
		{0CB2978D-F672-424A-B849-C6A67B6F3126} = {8D8CB69F-769F-41AE-B4F8-EA49AC7FB03B}
		{F04EB430-ABEC-45DC-B79B-06E046A3B8B0} = {8D8CB69F-769F-41AE-B4F8-EA49AC7FB03B}
		{CABFEB44-EED0-4D21-A66F-F2D8F179FA79} = {A2673F6A-F8AF-45EB-A4DA-8A5A527B546A}
		{FA8E5CAA-8ED9-4E6B-ABA3-A52DFE6FB015} = {CABFEB44-EED0-4D21-A66F-F2D8F179FA79}
		{B7027508-972F-405E-9CC6-21DB02AC18AC} = {FA8E5CAA-8ED9-4E6B-ABA3-A52DFE6FB015}
		{35AAAC30-1CC5-49F2-B863-06AF321AB540} = {CABFEB44-EED0-4D21-A66F-F2D8F179FA79}
		{D8094EF9-66FF-48ED-9DDC-4345555EC6D5} = {35AAAC30-1CC5-49F2-B863-06AF321AB540}
		{D3C9C831-7769-4E0E-B43F-E7F586C03F57} = {35AAAC30-1CC5-49F2-B863-06AF321AB540}
		{8F4B0B72-5884-4AAE-9384-1BD377D5EB7F} = {CABFEB44-EED0-4D21-A66F-F2D8F179FA79}
		{48CE6290-C823-4098-AA00-C1570912A87F} = {8F4B0B72-5884-4AAE-9384-1BD377D5EB7F}
		{082F0819-4FD8-4BEF-A344-883904F64D65} = {8F4B0B72-5884-4AAE-9384-1BD377D5EB7F}
		{7F0C0F8A-093E-43E5-96C3-4919E352F32E} = {CABFEB44-EED0-4D21-A66F-F2D8F179FA79}
		{F2E78DEC-2A57-4E9A-9D12-4A75D89A5891} = {7F0C0F8A-093E-43E5-96C3-4919E352F32E}
		{58A04D1D-9777-43AE-A0B0-29A38F5E70BC} = {8F4B0B72-5884-4AAE-9384-1BD377D5EB7F}
		{A01CC6B9-5C2E-4B23-BDF4-7C61A4E5F4CB} = {A2673F6A-F8AF-45EB-A4DA-8A5A527B546A}
		{A81E1FBB-AE21-4E29-9902-E48EE8CC356D} = {A01CC6B9-5C2E-4B23-BDF4-7C61A4E5F4CB}
	EndGlobalSection
	GlobalSection(ExtensibilityGlobals) = postSolution
		SolutionGuid = {5BA7246A-7994-41F2-ABFA-7387E160ECF7}
	EndGlobalSection
EndGlobal
