
Microsoft Visual Studio Solution File, Format Version 12.00
# Visual Studio Version 16
VisualStudioVersion = 16.0.30621.155
MinimumVisualStudioVersion = 10.0.40219.1
Project("{2150E333-8FDC-42A3-9474-1A3956D46DE8}") = "Softuni", "Softuni", "{70A42AD2-08F8-4BA4-8021-E9A93C00EE3F}"
EndProject
Project("{2150E333-8FDC-42A3-9474-1A3956D46DE8}") = "Telerik", "Telerik", "{905C689D-0E93-4207-B066-44E8E62783CB}"
EndProject
Project("{2150E333-8FDC-42A3-9474-1A3956D46DE8}") = "Personal", "Personal", "{A2673F6A-F8AF-45EB-A4DA-8A5A527B546A}"
EndProject
Project("{9A19103F-16F7-4668-BE54-9A1E7A4F7556}") = "Telerik.DemoFuncActionPredicate", "Telerik\Telerik.DemoFuncActionPredicate\Telerik.DemoFuncActionPredicate.csproj", "{EDB39734-3882-439E-9BB7-E9DA7DB7A4C5}"
EndProject
Project("{FAE04EC0-301F-11D3-BF4B-00C04F79EFBC}") = "Personal.OOP.DemoEncapsulation", "Personal\OOP\Personal.OOP.DemoEncapsulation\Personal.OOP.DemoEncapsulation.csproj", "{1F83462A-FF28-4439-93F5-36AC27089EFD}"
EndProject
Project("{2150E333-8FDC-42A3-9474-1A3956D46DE8}") = "OOP", "OOP", "{7BB27F97-D4EA-46F8-8E5E-A324A93E2492}"
EndProject
Project("{FAE04EC0-301F-11D3-BF4B-00C04F79EFBC}") = "Personal.OOP.DemoEncapsulationLib1", "Personal\OOP\Personal.OOP.DemoEncapsulationLib1\Personal.OOP.DemoEncapsulationLib1.csproj", "{B870DC50-8660-42BA-B2D9-F176DA92B453}"
EndProject
Project("{FAE04EC0-301F-11D3-BF4B-00C04F79EFBC}") = "Personal.OOP.DemoStaticConstructor", "Personal\OOP\Personal.OOP.DemoStaticConstructor\Personal.OOP.DemoStaticConstructor.csproj", "{3ED0140A-EC51-4960-8028-5DA233B3748A}"
EndProject
Project("{9A19103F-16F7-4668-BE54-9A1E7A4F7556}") = "Personal.OOP.DemoAbstractVirtual", "Personal\OOP\Personal.OOP.DemoAbstractVirtual\Personal.OOP.DemoAbstractVirtual.csproj", "{9C60DE25-5355-45FC-82B6-CDB22AED0728}"
EndProject
Global
	GlobalSection(SolutionConfigurationPlatforms) = preSolution
		Debug|Any CPU = Debug|Any CPU
		Release|Any CPU = Release|Any CPU
	EndGlobalSection
	GlobalSection(ProjectConfigurationPlatforms) = postSolution
		{EDB39734-3882-439E-9BB7-E9DA7DB7A4C5}.Debug|Any CPU.ActiveCfg = Debug|Any CPU
		{EDB39734-3882-439E-9BB7-E9DA7DB7A4C5}.Debug|Any CPU.Build.0 = Debug|Any CPU
		{EDB39734-3882-439E-9BB7-E9DA7DB7A4C5}.Release|Any CPU.ActiveCfg = Release|Any CPU
		{EDB39734-3882-439E-9BB7-E9DA7DB7A4C5}.Release|Any CPU.Build.0 = Release|Any CPU
		{1F83462A-FF28-4439-93F5-36AC27089EFD}.Debug|Any CPU.ActiveCfg = Debug|Any CPU
		{1F83462A-FF28-4439-93F5-36AC27089EFD}.Debug|Any CPU.Build.0 = Debug|Any CPU
		{1F83462A-FF28-4439-93F5-36AC27089EFD}.Release|Any CPU.ActiveCfg = Release|Any CPU
		{1F83462A-FF28-4439-93F5-36AC27089EFD}.Release|Any CPU.Build.0 = Release|Any CPU
		{B870DC50-8660-42BA-B2D9-F176DA92B453}.Debug|Any CPU.ActiveCfg = Debug|Any CPU
		{B870DC50-8660-42BA-B2D9-F176DA92B453}.Debug|Any CPU.Build.0 = Debug|Any CPU
		{B870DC50-8660-42BA-B2D9-F176DA92B453}.Release|Any CPU.ActiveCfg = Release|Any CPU
		{B870DC50-8660-42BA-B2D9-F176DA92B453}.Release|Any CPU.Build.0 = Release|Any CPU
		{3ED0140A-EC51-4960-8028-5DA233B3748A}.Debug|Any CPU.ActiveCfg = Debug|Any CPU
		{3ED0140A-EC51-4960-8028-5DA233B3748A}.Debug|Any CPU.Build.0 = Debug|Any CPU
		{3ED0140A-EC51-4960-8028-5DA233B3748A}.Release|Any CPU.ActiveCfg = Release|Any CPU
		{3ED0140A-EC51-4960-8028-5DA233B3748A}.Release|Any CPU.Build.0 = Release|Any CPU
		{9C60DE25-5355-45FC-82B6-CDB22AED0728}.Debug|Any CPU.ActiveCfg = Debug|Any CPU
		{9C60DE25-5355-45FC-82B6-CDB22AED0728}.Debug|Any CPU.Build.0 = Debug|Any CPU
		{9C60DE25-5355-45FC-82B6-CDB22AED0728}.Release|Any CPU.ActiveCfg = Release|Any CPU
		{9C60DE25-5355-45FC-82B6-CDB22AED0728}.Release|Any CPU.Build.0 = Release|Any CPU
	EndGlobalSection
	GlobalSection(SolutionProperties) = preSolution
		HideSolutionNode = FALSE
	EndGlobalSection
	GlobalSection(NestedProjects) = preSolution
		{EDB39734-3882-439E-9BB7-E9DA7DB7A4C5} = {905C689D-0E93-4207-B066-44E8E62783CB}
		{1F83462A-FF28-4439-93F5-36AC27089EFD} = {7BB27F97-D4EA-46F8-8E5E-A324A93E2492}
		{7BB27F97-D4EA-46F8-8E5E-A324A93E2492} = {A2673F6A-F8AF-45EB-A4DA-8A5A527B546A}
		{B870DC50-8660-42BA-B2D9-F176DA92B453} = {7BB27F97-D4EA-46F8-8E5E-A324A93E2492}
		{3ED0140A-EC51-4960-8028-5DA233B3748A} = {7BB27F97-D4EA-46F8-8E5E-A324A93E2492}
		{9C60DE25-5355-45FC-82B6-CDB22AED0728} = {7BB27F97-D4EA-46F8-8E5E-A324A93E2492}
	EndGlobalSection
	GlobalSection(ExtensibilityGlobals) = postSolution
		SolutionGuid = {5BA7246A-7994-41F2-ABFA-7387E160ECF7}
	EndGlobalSection
EndGlobal
