
Microsoft Visual Studio Solution File, Format Version 12.00
# Visual Studio Version 16
VisualStudioVersion = 16.0.30621.155
MinimumVisualStudioVersion = 10.0.40219.1
Project("{2150E333-8FDC-42A3-9474-1A3956D46DE8}") = "Telerik", "Telerik", "{905C689D-0E93-4207-B066-44E8E62783CB}"
EndProject
Project("{2150E333-8FDC-42A3-9474-1A3956D46DE8}") = "Personal", "Personal", "{A2673F6A-F8AF-45EB-A4DA-8A5A527B546A}"
EndProject
Project("{9A19103F-16F7-4668-BE54-9A1E7A4F7556}") = "Personal.OOP.DemoEncapsulation", "Personal\OOP\Personal.OOP.DemoEncapsulation\Personal.OOP.DemoEncapsulation.csproj", "{1F83462A-FF28-4439-93F5-36AC27089EFD}"
EndProject
Project("{2150E333-8FDC-42A3-9474-1A3956D46DE8}") = "OOP", "OOP", "{7BB27F97-D4EA-46F8-8E5E-A324A93E2492}"
EndProject
Project("{9A19103F-16F7-4668-BE54-9A1E7A4F7556}") = "Personal.OOP.DemoEncapsulationLib1", "Personal\OOP\Personal.OOP.DemoEncapsulationLib1\Personal.OOP.DemoEncapsulationLib1.csproj", "{B870DC50-8660-42BA-B2D9-F176DA92B453}"
EndProject
Project("{9A19103F-16F7-4668-BE54-9A1E7A4F7556}") = "Personal.OOP.DemoStaticConstructor", "Personal\OOP\Personal.OOP.DemoStaticConstructor\Personal.OOP.DemoStaticConstructor.csproj", "{3ED0140A-EC51-4960-8028-5DA233B3748A}"
EndProject
Project("{9A19103F-16F7-4668-BE54-9A1E7A4F7556}") = "Personal.OOP.DemoAbstractVirtual", "Personal\OOP\Personal.OOP.DemoAbstractVirtual\Personal.OOP.DemoAbstractVirtual.csproj", "{9C60DE25-5355-45FC-82B6-CDB22AED0728}"
EndProject
Project("{2150E333-8FDC-42A3-9474-1A3956D46DE8}") = "CSharp9", "CSharp9", "{8D8CB69F-769F-41AE-B4F8-EA49AC7FB03B}"
EndProject
Project("{2150E333-8FDC-42A3-9474-1A3956D46DE8}") = "Async", "Async", "{6AB56D09-123E-4FAF-AF76-58E83423D85E}"
EndProject
Project("{9A19103F-16F7-4668-BE54-9A1E7A4F7556}") = "Personal.CSharp9.TopLevelStatements", "Personal\CSharp9\Personal.CSharp9.TopLevelStatements\Personal.CSharp9.TopLevelStatements.csproj", "{85FA51F0-1F3D-4A8E-B277-E67FA2D6C691}"
EndProject
Project("{9A19103F-16F7-4668-BE54-9A1E7A4F7556}") = "Personal.CSharp9.Records", "Personal\CSharp9\Personal.CSharp9.Records\Personal.CSharp9.Records.csproj", "{0CB2978D-F672-424A-B849-C6A67B6F3126}"
EndProject
Project("{9A19103F-16F7-4668-BE54-9A1E7A4F7556}") = "Personal.CSharp9.InitOnlySetters", "Personal\CSharp9\Personal.CSharp9.InitOnlySetters\Personal.CSharp9.InitOnlySetters.csproj", "{F04EB430-ABEC-45DC-B79B-06E046A3B8B0}"
EndProject
Project("{2150E333-8FDC-42A3-9474-1A3956D46DE8}") = "Dapper", "Dapper", "{CABFEB44-EED0-4D21-A66F-F2D8F179FA79}"
EndProject
Project("{2150E333-8FDC-42A3-9474-1A3956D46DE8}") = "Console", "Console", "{FA8E5CAA-8ED9-4E6B-ABA3-A52DFE6FB015}"
EndProject
Project("{9A19103F-16F7-4668-BE54-9A1E7A4F7556}") = "CarDemo.Console", "Personal\Dapper\CarDemo.Console\CarDemo.Console.csproj", "{B7027508-972F-405E-9CC6-21DB02AC18AC}"
EndProject
Project("{2150E333-8FDC-42A3-9474-1A3956D46DE8}") = "Data", "Data", "{35AAAC30-1CC5-49F2-B863-06AF321AB540}"
EndProject
Project("{9A19103F-16F7-4668-BE54-9A1E7A4F7556}") = "CarDemo.Data", "Personal\Dapper\CarDemo.Data\CarDemo.Data.csproj", "{D8094EF9-66FF-48ED-9DDC-4345555EC6D5}"
EndProject
Project("{9A19103F-16F7-4668-BE54-9A1E7A4F7556}") = "CarDemo.Data.Models", "Personal\Dapper\CarDemo.Data.Models\CarDemo.Data.Models.csproj", "{D3C9C831-7769-4E0E-B43F-E7F586C03F57}"
EndProject
Project("{2150E333-8FDC-42A3-9474-1A3956D46DE8}") = "Services", "Services", "{8F4B0B72-5884-4AAE-9384-1BD377D5EB7F}"
EndProject
Project("{9A19103F-16F7-4668-BE54-9A1E7A4F7556}") = "CarDemo.Services", "Personal\Dapper\CarDemo.Services\CarDemo.Services.csproj", "{48CE6290-C823-4098-AA00-C1570912A87F}"
EndProject
Project("{9A19103F-16F7-4668-BE54-9A1E7A4F7556}") = "CarDemo.Services.Models", "Personal\Dapper\CarDemo.Services.Models\CarDemo.Services.Models.csproj", "{082F0819-4FD8-4BEF-A344-883904F64D65}"
EndProject
Project("{2150E333-8FDC-42A3-9474-1A3956D46DE8}") = "Web", "Web", "{7F0C0F8A-093E-43E5-96C3-4919E352F32E}"
EndProject
Project("{9A19103F-16F7-4668-BE54-9A1E7A4F7556}") = "CarDemo.Web", "Personal\Dapper\CarDemo.Web\CarDemo.Web.csproj", "{F2E78DEC-2A57-4E9A-9D12-4A75D89A5891}"
EndProject
Project("{9A19103F-16F7-4668-BE54-9A1E7A4F7556}") = "CarDemo.Services.Tests", "Personal\Dapper\CarDemo.Services.Tests\CarDemo.Services.Tests.csproj", "{58A04D1D-9777-43AE-A0B0-29A38F5E70BC}"
EndProject
Project("{2150E333-8FDC-42A3-9474-1A3956D46DE8}") = "General", "General", "{A01CC6B9-5C2E-4B23-BDF4-7C61A4E5F4CB}"
EndProject
Project("{9A19103F-16F7-4668-BE54-9A1E7A4F7556}") = "Personal.General.jQueryTricks", "Personal\General\Personal.General.jQueryTricks\Personal.General.jQueryTricks.csproj", "{8416D6E7-252F-4FF6-AF5E-13C791BE53B5}"
EndProject
Project("{9A19103F-16F7-4668-BE54-9A1E7A4F7556}") = "Telerik.FuncActionPredicate", "Telerik\Telerik.FuncActionPredicate\Telerik.FuncActionPredicate.csproj", "{6A2CE89C-EC2B-4E1B-BC78-4BB667F5E18C}"
EndProject
Project("{9A19103F-16F7-4668-BE54-9A1E7A4F7556}") = "Telerik.InterfacesExplicitImplicit", "Telerik\Telerik.InterfacesExplicitImplicit\Telerik.InterfacesExplicitImplicit.csproj", "{42EB5AE7-A397-4332-99F3-1296B7345276}"
EndProject
Project("{9A19103F-16F7-4668-BE54-9A1E7A4F7556}") = "Personal.Async.AsyncAwait", "Personal\Async\Personal.Async.AsyncAwait\Personal.Async.AsyncAwait.csproj", "{6835F281-CD8A-4153-B9F9-415C6EE7724E}"
EndProject
Project("{9A19103F-16F7-4668-BE54-9A1E7A4F7556}") = "Personal.Async.Semaphore", "Personal\Async\Personal.Async.Semaphore\Personal.Async.Semaphore.csproj", "{5D440D21-C103-4993-8480-614C403CB9AB}"
EndProject
Project("{9A19103F-16F7-4668-BE54-9A1E7A4F7556}") = "Personal.Async.TaskRun", "Personal\Async\Personal.Async.TaskRun\Personal.Async.TaskRun.csproj", "{28054F8A-8478-4E87-BDC8-EEEF02093C83}"
EndProject
Project("{9A19103F-16F7-4668-BE54-9A1E7A4F7556}") = "Personal.Async.ThreadNew", "Personal\Async\Personal.Async.ThreadNew\Personal.Async.ThreadNew.csproj", "{5084F1BB-FCC9-4106-8AD5-9F7176F2EEE5}"
EndProject
Project("{9A19103F-16F7-4668-BE54-9A1E7A4F7556}") = "Personal.Async.ThreadsDeadlock", "Personal\Async\Personal.Async.ThreadsDeadlock\Personal.Async.ThreadsDeadlock.csproj", "{6EFD0AD2-F1BB-474F-AEC1-07A74A8F9113}"
EndProject
Project("{9A19103F-16F7-4668-BE54-9A1E7A4F7556}") = "Personal.Async.ThreadsShareResLock", "Personal\Async\Personal.Async.ThreadsShareResLock\Personal.Async.ThreadsShareResLock.csproj", "{D304432E-7BBE-4825-AEAD-F83DC5A1B323}"
EndProject
Project("{9A19103F-16F7-4668-BE54-9A1E7A4F7556}") = "Personal.Async.WpfDemo", "Personal\Async\Personal.Async.WpfDemo\Personal.Async.WpfDemo.csproj", "{920B0472-90D1-4B3E-AB57-0FC862AABD3A}"
EndProject
Project("{9A19103F-16F7-4668-BE54-9A1E7A4F7556}") = "Personal.Async.Synchronous", "Personal\Async\Personal.Async.Synchronous\Personal.Async.Synchronous.csproj", "{2BB8AA63-E558-4E23-AF61-8D65FC0D004A}"
EndProject
Project("{9A19103F-16F7-4668-BE54-9A1E7A4F7556}") = "Personal.Async.Pluralsight.Article.1.TPL", "Personal\Async\Personal.Async.Pluralsight.Article.1.TPL\Personal.Async.Pluralsight.Article.1.TPL.csproj", "{47974326-893D-4ADE-8BED-834ADAF7C3DE}"
EndProject
Project("{9A19103F-16F7-4668-BE54-9A1E7A4F7556}") = "Personal.Async.Pluralsight.Article.2.AsyncAwait", "Personal\Async\Personal.Async.Pluralsight.Article.2.AsyncAwait\Personal.Async.Pluralsight.Article.2.AsyncAwait.csproj", "{65FB42C3-4004-4225-8F76-ACE51B8D76E5}"
EndProject
Project("{9A19103F-16F7-4668-BE54-9A1E7A4F7556}") = "Personal.Async.Pluralsight.Article.3.ControlFlow", "Personal\Async\Personal.Async.Pluralsight.Article.3.ControlFlow\Personal.Async.Pluralsight.Article.3.ControlFlow.csproj", "{E1120AB3-D1DF-4941-933E-B762FA52A6F9}"
EndProject
Project("{9A19103F-16F7-4668-BE54-9A1E7A4F7556}") = "Personal.Async.Pluralsight.Article.4.AsyncTaskRun", "Personal\Async\Personal.Async.Pluralsight.Article.4.AsyncTaskRun\Personal.Async.Pluralsight.Article.4.AsyncTaskRun.csproj", "{C3D6ADCF-BCF8-4255-9639-6D0B426F8CDB}"
EndProject
Project("{9A19103F-16F7-4668-BE54-9A1E7A4F7556}") = "Personal.Async.Pluralsight.Article.5.AsyncTaskRun", "Personal\Async\Personal.Async.Pluralsight.Article.5.AsyncTaskRun\Personal.Async.Pluralsight.Article.5.AsyncTaskRun.csproj", "{23675FA5-8B1F-42FE-BF37-2CF38B67E7EF}"
EndProject
Project("{9A19103F-16F7-4668-BE54-9A1E7A4F7556}") = "Personal.Async.TaskCancellation", "Personal\Async\Personal.Async.TaskCancellation\Personal.Async.TaskCancellation.csproj", "{19E88FE2-918E-49C3-A7BF-1306D0442978}"
EndProject
Project("{2150E333-8FDC-42A3-9474-1A3956D46DE8}") = "Pluralsight", "Pluralsight", "{5F652318-3A17-4D91-805B-DAE3DA2930C7}"
EndProject
Project("{2150E333-8FDC-42A3-9474-1A3956D46DE8}") = "SQL", "SQL", "{CB300329-9609-4FC4-B61B-0BF65D6C3936}"
EndProject
Project("{9A19103F-16F7-4668-BE54-9A1E7A4F7556}") = "Personal.SQL.BulkInsert", "Personal\SQL\Personal.SQL.BulkInsert\Personal.SQL.BulkInsert.csproj", "{D726300D-8CA2-4BFC-8742-A38A096B407C}"
EndProject
Project("{FAE04EC0-301F-11D3-BF4B-00C04F79EFBC}") = "Personal.General.EncapsulationVsReflection", "Personal\General\Personal.General.EncapsulationVsReflection\Personal.General.EncapsulationVsReflection.csproj", "{1D4B60D0-A94F-4403-B83F-0D1ADC11FDB8}"
EndProject
Global
	GlobalSection(SolutionConfigurationPlatforms) = preSolution
		Debug|Any CPU = Debug|Any CPU
		Release|Any CPU = Release|Any CPU
	EndGlobalSection
	GlobalSection(ProjectConfigurationPlatforms) = postSolution
		{1F83462A-FF28-4439-93F5-36AC27089EFD}.Debug|Any CPU.ActiveCfg = Debug|Any CPU
		{1F83462A-FF28-4439-93F5-36AC27089EFD}.Debug|Any CPU.Build.0 = Debug|Any CPU
		{1F83462A-FF28-4439-93F5-36AC27089EFD}.Release|Any CPU.ActiveCfg = Release|Any CPU
		{1F83462A-FF28-4439-93F5-36AC27089EFD}.Release|Any CPU.Build.0 = Release|Any CPU
		{B870DC50-8660-42BA-B2D9-F176DA92B453}.Debug|Any CPU.ActiveCfg = Debug|Any CPU
		{B870DC50-8660-42BA-B2D9-F176DA92B453}.Debug|Any CPU.Build.0 = Debug|Any CPU
		{B870DC50-8660-42BA-B2D9-F176DA92B453}.Release|Any CPU.ActiveCfg = Release|Any CPU
		{B870DC50-8660-42BA-B2D9-F176DA92B453}.Release|Any CPU.Build.0 = Release|Any CPU
		{3ED0140A-EC51-4960-8028-5DA233B3748A}.Debug|Any CPU.ActiveCfg = Debug|Any CPU
		{3ED0140A-EC51-4960-8028-5DA233B3748A}.Debug|Any CPU.Build.0 = Debug|Any CPU
		{3ED0140A-EC51-4960-8028-5DA233B3748A}.Release|Any CPU.ActiveCfg = Release|Any CPU
		{3ED0140A-EC51-4960-8028-5DA233B3748A}.Release|Any CPU.Build.0 = Release|Any CPU
		{9C60DE25-5355-45FC-82B6-CDB22AED0728}.Debug|Any CPU.ActiveCfg = Debug|Any CPU
		{9C60DE25-5355-45FC-82B6-CDB22AED0728}.Debug|Any CPU.Build.0 = Debug|Any CPU
		{9C60DE25-5355-45FC-82B6-CDB22AED0728}.Release|Any CPU.ActiveCfg = Release|Any CPU
		{9C60DE25-5355-45FC-82B6-CDB22AED0728}.Release|Any CPU.Build.0 = Release|Any CPU
		{85FA51F0-1F3D-4A8E-B277-E67FA2D6C691}.Debug|Any CPU.ActiveCfg = Debug|Any CPU
		{85FA51F0-1F3D-4A8E-B277-E67FA2D6C691}.Debug|Any CPU.Build.0 = Debug|Any CPU
		{85FA51F0-1F3D-4A8E-B277-E67FA2D6C691}.Release|Any CPU.ActiveCfg = Release|Any CPU
		{85FA51F0-1F3D-4A8E-B277-E67FA2D6C691}.Release|Any CPU.Build.0 = Release|Any CPU
		{0CB2978D-F672-424A-B849-C6A67B6F3126}.Debug|Any CPU.ActiveCfg = Debug|Any CPU
		{0CB2978D-F672-424A-B849-C6A67B6F3126}.Debug|Any CPU.Build.0 = Debug|Any CPU
		{0CB2978D-F672-424A-B849-C6A67B6F3126}.Release|Any CPU.ActiveCfg = Release|Any CPU
		{0CB2978D-F672-424A-B849-C6A67B6F3126}.Release|Any CPU.Build.0 = Release|Any CPU
		{F04EB430-ABEC-45DC-B79B-06E046A3B8B0}.Debug|Any CPU.ActiveCfg = Debug|Any CPU
		{F04EB430-ABEC-45DC-B79B-06E046A3B8B0}.Debug|Any CPU.Build.0 = Debug|Any CPU
		{F04EB430-ABEC-45DC-B79B-06E046A3B8B0}.Release|Any CPU.ActiveCfg = Release|Any CPU
		{F04EB430-ABEC-45DC-B79B-06E046A3B8B0}.Release|Any CPU.Build.0 = Release|Any CPU
		{B7027508-972F-405E-9CC6-21DB02AC18AC}.Debug|Any CPU.ActiveCfg = Debug|Any CPU
		{B7027508-972F-405E-9CC6-21DB02AC18AC}.Debug|Any CPU.Build.0 = Debug|Any CPU
		{B7027508-972F-405E-9CC6-21DB02AC18AC}.Release|Any CPU.ActiveCfg = Release|Any CPU
		{B7027508-972F-405E-9CC6-21DB02AC18AC}.Release|Any CPU.Build.0 = Release|Any CPU
		{D8094EF9-66FF-48ED-9DDC-4345555EC6D5}.Debug|Any CPU.ActiveCfg = Debug|Any CPU
		{D8094EF9-66FF-48ED-9DDC-4345555EC6D5}.Debug|Any CPU.Build.0 = Debug|Any CPU
		{D8094EF9-66FF-48ED-9DDC-4345555EC6D5}.Release|Any CPU.ActiveCfg = Release|Any CPU
		{D8094EF9-66FF-48ED-9DDC-4345555EC6D5}.Release|Any CPU.Build.0 = Release|Any CPU
		{D3C9C831-7769-4E0E-B43F-E7F586C03F57}.Debug|Any CPU.ActiveCfg = Debug|Any CPU
		{D3C9C831-7769-4E0E-B43F-E7F586C03F57}.Debug|Any CPU.Build.0 = Debug|Any CPU
		{D3C9C831-7769-4E0E-B43F-E7F586C03F57}.Release|Any CPU.ActiveCfg = Release|Any CPU
		{D3C9C831-7769-4E0E-B43F-E7F586C03F57}.Release|Any CPU.Build.0 = Release|Any CPU
		{48CE6290-C823-4098-AA00-C1570912A87F}.Debug|Any CPU.ActiveCfg = Debug|Any CPU
		{48CE6290-C823-4098-AA00-C1570912A87F}.Debug|Any CPU.Build.0 = Debug|Any CPU
		{48CE6290-C823-4098-AA00-C1570912A87F}.Release|Any CPU.ActiveCfg = Release|Any CPU
		{48CE6290-C823-4098-AA00-C1570912A87F}.Release|Any CPU.Build.0 = Release|Any CPU
		{082F0819-4FD8-4BEF-A344-883904F64D65}.Debug|Any CPU.ActiveCfg = Debug|Any CPU
		{082F0819-4FD8-4BEF-A344-883904F64D65}.Debug|Any CPU.Build.0 = Debug|Any CPU
		{082F0819-4FD8-4BEF-A344-883904F64D65}.Release|Any CPU.ActiveCfg = Release|Any CPU
		{082F0819-4FD8-4BEF-A344-883904F64D65}.Release|Any CPU.Build.0 = Release|Any CPU
		{F2E78DEC-2A57-4E9A-9D12-4A75D89A5891}.Debug|Any CPU.ActiveCfg = Debug|Any CPU
		{F2E78DEC-2A57-4E9A-9D12-4A75D89A5891}.Debug|Any CPU.Build.0 = Debug|Any CPU
		{F2E78DEC-2A57-4E9A-9D12-4A75D89A5891}.Release|Any CPU.ActiveCfg = Release|Any CPU
		{F2E78DEC-2A57-4E9A-9D12-4A75D89A5891}.Release|Any CPU.Build.0 = Release|Any CPU
		{58A04D1D-9777-43AE-A0B0-29A38F5E70BC}.Debug|Any CPU.ActiveCfg = Debug|Any CPU
		{58A04D1D-9777-43AE-A0B0-29A38F5E70BC}.Debug|Any CPU.Build.0 = Debug|Any CPU
		{58A04D1D-9777-43AE-A0B0-29A38F5E70BC}.Release|Any CPU.ActiveCfg = Release|Any CPU
		{58A04D1D-9777-43AE-A0B0-29A38F5E70BC}.Release|Any CPU.Build.0 = Release|Any CPU
		{8416D6E7-252F-4FF6-AF5E-13C791BE53B5}.Debug|Any CPU.ActiveCfg = Debug|Any CPU
		{8416D6E7-252F-4FF6-AF5E-13C791BE53B5}.Debug|Any CPU.Build.0 = Debug|Any CPU
		{8416D6E7-252F-4FF6-AF5E-13C791BE53B5}.Release|Any CPU.ActiveCfg = Release|Any CPU
		{8416D6E7-252F-4FF6-AF5E-13C791BE53B5}.Release|Any CPU.Build.0 = Release|Any CPU
		{6A2CE89C-EC2B-4E1B-BC78-4BB667F5E18C}.Debug|Any CPU.ActiveCfg = Debug|Any CPU
		{6A2CE89C-EC2B-4E1B-BC78-4BB667F5E18C}.Debug|Any CPU.Build.0 = Debug|Any CPU
		{6A2CE89C-EC2B-4E1B-BC78-4BB667F5E18C}.Release|Any CPU.ActiveCfg = Release|Any CPU
		{6A2CE89C-EC2B-4E1B-BC78-4BB667F5E18C}.Release|Any CPU.Build.0 = Release|Any CPU
		{42EB5AE7-A397-4332-99F3-1296B7345276}.Debug|Any CPU.ActiveCfg = Debug|Any CPU
		{42EB5AE7-A397-4332-99F3-1296B7345276}.Debug|Any CPU.Build.0 = Debug|Any CPU
		{42EB5AE7-A397-4332-99F3-1296B7345276}.Release|Any CPU.ActiveCfg = Release|Any CPU
		{42EB5AE7-A397-4332-99F3-1296B7345276}.Release|Any CPU.Build.0 = Release|Any CPU
		{6835F281-CD8A-4153-B9F9-415C6EE7724E}.Debug|Any CPU.ActiveCfg = Debug|Any CPU
		{6835F281-CD8A-4153-B9F9-415C6EE7724E}.Debug|Any CPU.Build.0 = Debug|Any CPU
		{6835F281-CD8A-4153-B9F9-415C6EE7724E}.Release|Any CPU.ActiveCfg = Release|Any CPU
		{6835F281-CD8A-4153-B9F9-415C6EE7724E}.Release|Any CPU.Build.0 = Release|Any CPU
		{5D440D21-C103-4993-8480-614C403CB9AB}.Debug|Any CPU.ActiveCfg = Debug|Any CPU
		{5D440D21-C103-4993-8480-614C403CB9AB}.Debug|Any CPU.Build.0 = Debug|Any CPU
		{5D440D21-C103-4993-8480-614C403CB9AB}.Release|Any CPU.ActiveCfg = Release|Any CPU
		{5D440D21-C103-4993-8480-614C403CB9AB}.Release|Any CPU.Build.0 = Release|Any CPU
		{28054F8A-8478-4E87-BDC8-EEEF02093C83}.Debug|Any CPU.ActiveCfg = Debug|Any CPU
		{28054F8A-8478-4E87-BDC8-EEEF02093C83}.Debug|Any CPU.Build.0 = Debug|Any CPU
		{28054F8A-8478-4E87-BDC8-EEEF02093C83}.Release|Any CPU.ActiveCfg = Release|Any CPU
		{28054F8A-8478-4E87-BDC8-EEEF02093C83}.Release|Any CPU.Build.0 = Release|Any CPU
		{5084F1BB-FCC9-4106-8AD5-9F7176F2EEE5}.Debug|Any CPU.ActiveCfg = Debug|Any CPU
		{5084F1BB-FCC9-4106-8AD5-9F7176F2EEE5}.Debug|Any CPU.Build.0 = Debug|Any CPU
		{5084F1BB-FCC9-4106-8AD5-9F7176F2EEE5}.Release|Any CPU.ActiveCfg = Release|Any CPU
		{5084F1BB-FCC9-4106-8AD5-9F7176F2EEE5}.Release|Any CPU.Build.0 = Release|Any CPU
		{6EFD0AD2-F1BB-474F-AEC1-07A74A8F9113}.Debug|Any CPU.ActiveCfg = Debug|Any CPU
		{6EFD0AD2-F1BB-474F-AEC1-07A74A8F9113}.Debug|Any CPU.Build.0 = Debug|Any CPU
		{6EFD0AD2-F1BB-474F-AEC1-07A74A8F9113}.Release|Any CPU.ActiveCfg = Release|Any CPU
		{6EFD0AD2-F1BB-474F-AEC1-07A74A8F9113}.Release|Any CPU.Build.0 = Release|Any CPU
		{D304432E-7BBE-4825-AEAD-F83DC5A1B323}.Debug|Any CPU.ActiveCfg = Debug|Any CPU
		{D304432E-7BBE-4825-AEAD-F83DC5A1B323}.Debug|Any CPU.Build.0 = Debug|Any CPU
		{D304432E-7BBE-4825-AEAD-F83DC5A1B323}.Release|Any CPU.ActiveCfg = Release|Any CPU
		{D304432E-7BBE-4825-AEAD-F83DC5A1B323}.Release|Any CPU.Build.0 = Release|Any CPU
		{920B0472-90D1-4B3E-AB57-0FC862AABD3A}.Debug|Any CPU.ActiveCfg = Debug|Any CPU
		{920B0472-90D1-4B3E-AB57-0FC862AABD3A}.Debug|Any CPU.Build.0 = Debug|Any CPU
		{920B0472-90D1-4B3E-AB57-0FC862AABD3A}.Release|Any CPU.ActiveCfg = Release|Any CPU
		{920B0472-90D1-4B3E-AB57-0FC862AABD3A}.Release|Any CPU.Build.0 = Release|Any CPU
		{2BB8AA63-E558-4E23-AF61-8D65FC0D004A}.Debug|Any CPU.ActiveCfg = Debug|Any CPU
		{2BB8AA63-E558-4E23-AF61-8D65FC0D004A}.Debug|Any CPU.Build.0 = Debug|Any CPU
		{2BB8AA63-E558-4E23-AF61-8D65FC0D004A}.Release|Any CPU.ActiveCfg = Release|Any CPU
		{2BB8AA63-E558-4E23-AF61-8D65FC0D004A}.Release|Any CPU.Build.0 = Release|Any CPU
		{47974326-893D-4ADE-8BED-834ADAF7C3DE}.Debug|Any CPU.ActiveCfg = Debug|Any CPU
		{47974326-893D-4ADE-8BED-834ADAF7C3DE}.Debug|Any CPU.Build.0 = Debug|Any CPU
		{47974326-893D-4ADE-8BED-834ADAF7C3DE}.Release|Any CPU.ActiveCfg = Release|Any CPU
		{47974326-893D-4ADE-8BED-834ADAF7C3DE}.Release|Any CPU.Build.0 = Release|Any CPU
		{65FB42C3-4004-4225-8F76-ACE51B8D76E5}.Debug|Any CPU.ActiveCfg = Debug|Any CPU
		{65FB42C3-4004-4225-8F76-ACE51B8D76E5}.Debug|Any CPU.Build.0 = Debug|Any CPU
		{65FB42C3-4004-4225-8F76-ACE51B8D76E5}.Release|Any CPU.ActiveCfg = Release|Any CPU
		{65FB42C3-4004-4225-8F76-ACE51B8D76E5}.Release|Any CPU.Build.0 = Release|Any CPU
		{E1120AB3-D1DF-4941-933E-B762FA52A6F9}.Debug|Any CPU.ActiveCfg = Debug|Any CPU
		{E1120AB3-D1DF-4941-933E-B762FA52A6F9}.Debug|Any CPU.Build.0 = Debug|Any CPU
		{E1120AB3-D1DF-4941-933E-B762FA52A6F9}.Release|Any CPU.ActiveCfg = Release|Any CPU
		{E1120AB3-D1DF-4941-933E-B762FA52A6F9}.Release|Any CPU.Build.0 = Release|Any CPU
		{C3D6ADCF-BCF8-4255-9639-6D0B426F8CDB}.Debug|Any CPU.ActiveCfg = Debug|Any CPU
		{C3D6ADCF-BCF8-4255-9639-6D0B426F8CDB}.Debug|Any CPU.Build.0 = Debug|Any CPU
		{C3D6ADCF-BCF8-4255-9639-6D0B426F8CDB}.Release|Any CPU.ActiveCfg = Release|Any CPU
		{C3D6ADCF-BCF8-4255-9639-6D0B426F8CDB}.Release|Any CPU.Build.0 = Release|Any CPU
		{23675FA5-8B1F-42FE-BF37-2CF38B67E7EF}.Debug|Any CPU.ActiveCfg = Debug|Any CPU
		{23675FA5-8B1F-42FE-BF37-2CF38B67E7EF}.Debug|Any CPU.Build.0 = Debug|Any CPU
		{23675FA5-8B1F-42FE-BF37-2CF38B67E7EF}.Release|Any CPU.ActiveCfg = Release|Any CPU
		{23675FA5-8B1F-42FE-BF37-2CF38B67E7EF}.Release|Any CPU.Build.0 = Release|Any CPU
		{19E88FE2-918E-49C3-A7BF-1306D0442978}.Debug|Any CPU.ActiveCfg = Debug|Any CPU
		{19E88FE2-918E-49C3-A7BF-1306D0442978}.Debug|Any CPU.Build.0 = Debug|Any CPU
		{19E88FE2-918E-49C3-A7BF-1306D0442978}.Release|Any CPU.ActiveCfg = Release|Any CPU
		{19E88FE2-918E-49C3-A7BF-1306D0442978}.Release|Any CPU.Build.0 = Release|Any CPU
		{D726300D-8CA2-4BFC-8742-A38A096B407C}.Debug|Any CPU.ActiveCfg = Debug|Any CPU
		{D726300D-8CA2-4BFC-8742-A38A096B407C}.Debug|Any CPU.Build.0 = Debug|Any CPU
		{D726300D-8CA2-4BFC-8742-A38A096B407C}.Release|Any CPU.ActiveCfg = Release|Any CPU
		{D726300D-8CA2-4BFC-8742-A38A096B407C}.Release|Any CPU.Build.0 = Release|Any CPU
		{1D4B60D0-A94F-4403-B83F-0D1ADC11FDB8}.Debug|Any CPU.ActiveCfg = Debug|Any CPU
		{1D4B60D0-A94F-4403-B83F-0D1ADC11FDB8}.Debug|Any CPU.Build.0 = Debug|Any CPU
		{1D4B60D0-A94F-4403-B83F-0D1ADC11FDB8}.Release|Any CPU.ActiveCfg = Release|Any CPU
		{1D4B60D0-A94F-4403-B83F-0D1ADC11FDB8}.Release|Any CPU.Build.0 = Release|Any CPU
	EndGlobalSection
	GlobalSection(SolutionProperties) = preSolution
		HideSolutionNode = FALSE
	EndGlobalSection
	GlobalSection(NestedProjects) = preSolution
		{1F83462A-FF28-4439-93F5-36AC27089EFD} = {7BB27F97-D4EA-46F8-8E5E-A324A93E2492}
		{7BB27F97-D4EA-46F8-8E5E-A324A93E2492} = {A2673F6A-F8AF-45EB-A4DA-8A5A527B546A}
		{B870DC50-8660-42BA-B2D9-F176DA92B453} = {7BB27F97-D4EA-46F8-8E5E-A324A93E2492}
		{3ED0140A-EC51-4960-8028-5DA233B3748A} = {7BB27F97-D4EA-46F8-8E5E-A324A93E2492}
		{9C60DE25-5355-45FC-82B6-CDB22AED0728} = {7BB27F97-D4EA-46F8-8E5E-A324A93E2492}
		{8D8CB69F-769F-41AE-B4F8-EA49AC7FB03B} = {A2673F6A-F8AF-45EB-A4DA-8A5A527B546A}
		{6AB56D09-123E-4FAF-AF76-58E83423D85E} = {A2673F6A-F8AF-45EB-A4DA-8A5A527B546A}
		{85FA51F0-1F3D-4A8E-B277-E67FA2D6C691} = {8D8CB69F-769F-41AE-B4F8-EA49AC7FB03B}
		{0CB2978D-F672-424A-B849-C6A67B6F3126} = {8D8CB69F-769F-41AE-B4F8-EA49AC7FB03B}
		{F04EB430-ABEC-45DC-B79B-06E046A3B8B0} = {8D8CB69F-769F-41AE-B4F8-EA49AC7FB03B}
		{CABFEB44-EED0-4D21-A66F-F2D8F179FA79} = {A2673F6A-F8AF-45EB-A4DA-8A5A527B546A}
		{FA8E5CAA-8ED9-4E6B-ABA3-A52DFE6FB015} = {CABFEB44-EED0-4D21-A66F-F2D8F179FA79}
		{B7027508-972F-405E-9CC6-21DB02AC18AC} = {FA8E5CAA-8ED9-4E6B-ABA3-A52DFE6FB015}
		{35AAAC30-1CC5-49F2-B863-06AF321AB540} = {CABFEB44-EED0-4D21-A66F-F2D8F179FA79}
		{D8094EF9-66FF-48ED-9DDC-4345555EC6D5} = {35AAAC30-1CC5-49F2-B863-06AF321AB540}
		{D3C9C831-7769-4E0E-B43F-E7F586C03F57} = {35AAAC30-1CC5-49F2-B863-06AF321AB540}
		{8F4B0B72-5884-4AAE-9384-1BD377D5EB7F} = {CABFEB44-EED0-4D21-A66F-F2D8F179FA79}
		{48CE6290-C823-4098-AA00-C1570912A87F} = {8F4B0B72-5884-4AAE-9384-1BD377D5EB7F}
		{082F0819-4FD8-4BEF-A344-883904F64D65} = {8F4B0B72-5884-4AAE-9384-1BD377D5EB7F}
		{7F0C0F8A-093E-43E5-96C3-4919E352F32E} = {CABFEB44-EED0-4D21-A66F-F2D8F179FA79}
		{F2E78DEC-2A57-4E9A-9D12-4A75D89A5891} = {7F0C0F8A-093E-43E5-96C3-4919E352F32E}
		{58A04D1D-9777-43AE-A0B0-29A38F5E70BC} = {8F4B0B72-5884-4AAE-9384-1BD377D5EB7F}
		{A01CC6B9-5C2E-4B23-BDF4-7C61A4E5F4CB} = {A2673F6A-F8AF-45EB-A4DA-8A5A527B546A}
		{8416D6E7-252F-4FF6-AF5E-13C791BE53B5} = {A01CC6B9-5C2E-4B23-BDF4-7C61A4E5F4CB}
		{6A2CE89C-EC2B-4E1B-BC78-4BB667F5E18C} = {905C689D-0E93-4207-B066-44E8E62783CB}
		{42EB5AE7-A397-4332-99F3-1296B7345276} = {905C689D-0E93-4207-B066-44E8E62783CB}
		{6835F281-CD8A-4153-B9F9-415C6EE7724E} = {6AB56D09-123E-4FAF-AF76-58E83423D85E}
		{5D440D21-C103-4993-8480-614C403CB9AB} = {6AB56D09-123E-4FAF-AF76-58E83423D85E}
		{28054F8A-8478-4E87-BDC8-EEEF02093C83} = {6AB56D09-123E-4FAF-AF76-58E83423D85E}
		{5084F1BB-FCC9-4106-8AD5-9F7176F2EEE5} = {6AB56D09-123E-4FAF-AF76-58E83423D85E}
		{6EFD0AD2-F1BB-474F-AEC1-07A74A8F9113} = {6AB56D09-123E-4FAF-AF76-58E83423D85E}
		{D304432E-7BBE-4825-AEAD-F83DC5A1B323} = {6AB56D09-123E-4FAF-AF76-58E83423D85E}
		{920B0472-90D1-4B3E-AB57-0FC862AABD3A} = {6AB56D09-123E-4FAF-AF76-58E83423D85E}
		{2BB8AA63-E558-4E23-AF61-8D65FC0D004A} = {6AB56D09-123E-4FAF-AF76-58E83423D85E}
		{47974326-893D-4ADE-8BED-834ADAF7C3DE} = {5F652318-3A17-4D91-805B-DAE3DA2930C7}
		{65FB42C3-4004-4225-8F76-ACE51B8D76E5} = {5F652318-3A17-4D91-805B-DAE3DA2930C7}
		{E1120AB3-D1DF-4941-933E-B762FA52A6F9} = {5F652318-3A17-4D91-805B-DAE3DA2930C7}
		{C3D6ADCF-BCF8-4255-9639-6D0B426F8CDB} = {5F652318-3A17-4D91-805B-DAE3DA2930C7}
		{23675FA5-8B1F-42FE-BF37-2CF38B67E7EF} = {5F652318-3A17-4D91-805B-DAE3DA2930C7}
		{19E88FE2-918E-49C3-A7BF-1306D0442978} = {6AB56D09-123E-4FAF-AF76-58E83423D85E}
		{5F652318-3A17-4D91-805B-DAE3DA2930C7} = {6AB56D09-123E-4FAF-AF76-58E83423D85E}
		{CB300329-9609-4FC4-B61B-0BF65D6C3936} = {A2673F6A-F8AF-45EB-A4DA-8A5A527B546A}
		{D726300D-8CA2-4BFC-8742-A38A096B407C} = {CB300329-9609-4FC4-B61B-0BF65D6C3936}
		{1D4B60D0-A94F-4403-B83F-0D1ADC11FDB8} = {A01CC6B9-5C2E-4B23-BDF4-7C61A4E5F4CB}
	EndGlobalSection
	GlobalSection(ExtensibilityGlobals) = postSolution
		SolutionGuid = {5BA7246A-7994-41F2-ABFA-7387E160ECF7}
	EndGlobalSection
EndGlobal
